{
  "name": "equal_weighted_portfolio",
  "lockfileVersion": 3,
  "requires": true,
  "packages": {
    "": {
      "dependencies": {
        "math": "^0.0.3",
        "pandas": "^0.0.3",
        "yfinance": "^0.0.6"
      }
    },
    "node_modules/math": {
      "version": "0.0.3",
      "resolved": "https://registry.npmjs.org/math/-/math-0.0.3.tgz",
      "integrity": "sha512-xyNJxsEwpYBabFmCgwg7TFRljf5oGgV2h1TqP0H9RnykScaSKgoVlBaEz+Gov8NOdxFagoTzRg1aEBfayi8qQQ==",
      "engines": {
        "node": "> 0.0.0"
      }
    },
    "node_modules/pandas": {
      "version": "0.0.3",
      "resolved": "https://registry.npmjs.org/pandas/-/pandas-0.0.3.tgz",
      "integrity": "sha512-b6b0XOuj8mvj2Kn6qfcvPmb0ILCcbuep5VYZche3730P9cXQcvarbbvWJxwXkxc3OXyGFYjJ4kozjX5ZXXMrsw==",
      "license": "WTFPL"
    },
    "node_modules/yfinance": {
      "version": "0.0.6",
      "resolved": "https://registry.npmjs.org/yfinance/-/yfinance-0.0.6.tgz",
      "integrity": "sha512-EcJrrcX+ZCpbhouGO6s5y7XRUHGBwFY19PKtUJ17vg1L0dSK2N59Ns0A/ZfLtpWC8WatWjen6gE+KW51bxthsA==",
      "license": "MIT"
    }
  }
}
